schema: '2.0'
stages:
  Data-ingestion:
    cmd: python -m src.data_pipelines.production_ingester
    deps:
    - path: data/raw/calendar.csv
      hash: md5
      md5: 3ffeab2991b0c8e861d008b39ea4c95c
      size: 103469
    - path: data/raw/sales_train_evaluation.csv
      hash: md5
      md5: b806dfc9f30a745102b708c09951f6aa
      size: 121736518
    - path: data/raw/sell_prices.csv
      hash: md5
      md5: 08c591caa99e55daf3e0ccac913f7c85
      size: 203395785
    - path: src/data_pipelines/production_ingester.py
      hash: md5
      md5: 999a3263c6ab5f15b83d6f7d5a728212
      size: 35793
    outs:
    - path: data/processed/m5/master.parquet
      hash: md5
      md5: d1bdc37d19ed9178b7d89c6ce69dedbb
      size: 2075959
  Feature-engineering:
    cmd: python -m src.run_features --input data/processed/m5/master.parquet 
      --output data/features/m5/m5_features.parquet
    deps:
    - path: configs/features.yaml
      hash: md5
      md5: 7ba022e2ae8253d31b0242b8ea73b474
      size: 5276
    - path: data/processed/m5/master.parquet
      hash: md5
      md5: d1bdc37d19ed9178b7d89c6ce69dedbb
      size: 2075959
    - path: src/features/m5_feature_pipeline.py
      hash: md5
      md5: 68e121bd2e529369c58608faff13a7c2
      size: 42826
    - path: src/run_features.py
      hash: md5
      md5: ffe8905c0e220ca7ef170e39a2ad3d70
      size: 9027
    outs:
    - path: data\features\m5\m5_features.parquet
      hash: md5
      md5: 6edff35c01a6eb455cad830c85897e20
      size: 121793215
